// !$*UTF8*$!
{
	archiveVersion = 1;
	classes = {
	};
	objectVersion = 55;
	objects = {

/* Begin PBXBuildFile section */
		80FAACB627BDDE2C00262EB4 /* AppDelegate.swift in Sources */ = {isa = PBXBuildFile; fileRef = 80FAACB527BDDE2C00262EB4 /* AppDelegate.swift */; };
		80FAACB827BDDE2C00262EB4 /* SceneDelegate.swift in Sources */ = {isa = PBXBuildFile; fileRef = 80FAACB727BDDE2C00262EB4 /* SceneDelegate.swift */; };
		80FAACBA27BDDE2C00262EB4 /* LoginViewController.swift in Sources */ = {isa = PBXBuildFile; fileRef = 80FAACB927BDDE2C00262EB4 /* LoginViewController.swift */; };
		80FAACBD27BDDE2C00262EB4 /* Main.storyboard in Resources */ = {isa = PBXBuildFile; fileRef = 80FAACBB27BDDE2C00262EB4 /* Main.storyboard */; };
		80FAACBF27BDDE3100262EB4 /* Assets.xcassets in Resources */ = {isa = PBXBuildFile; fileRef = 80FAACBE27BDDE3100262EB4 /* Assets.xcassets */; };
		80FAACC227BDDE3100262EB4 /* LaunchScreen.storyboard in Resources */ = {isa = PBXBuildFile; fileRef = 80FAACC027BDDE3100262EB4 /* LaunchScreen.storyboard */; };
		80FAACCE27BDEC1400262EB4 /* UdacityClient.swift in Sources */ = {isa = PBXBuildFile; fileRef = 80FAACCD27BDEC1400262EB4 /* UdacityClient.swift */; };
		80FAACD527BDEFD900262EB4 /* UdacitySessionResponse.swift in Sources */ = {isa = PBXBuildFile; fileRef = 80FAACD427BDEFD900262EB4 /* UdacitySessionResponse.swift */; };
		80FAACD727BDFA7200262EB4 /* ClientHelper.swift in Sources */ = {isa = PBXBuildFile; fileRef = 80FAACD627BDFA7200262EB4 /* ClientHelper.swift */; };
		80FAACD927BDFF2300262EB4 /* UdacitySessionRequest.swift in Sources */ = {isa = PBXBuildFile; fileRef = 80FAACD827BDFF2300262EB4 /* UdacitySessionRequest.swift */; };
		80FAACDB27BE12FD00262EB4 /* MapViewController.swift in Sources */ = {isa = PBXBuildFile; fileRef = 80FAACDA27BE12FD00262EB4 /* MapViewController.swift */; };
		80FAACDD27BE131200262EB4 /* TabbedViewController.swift in Sources */ = {isa = PBXBuildFile; fileRef = 80FAACDC27BE131200262EB4 /* TabbedViewController.swift */; };
		80FAACDF27BE170A00262EB4 /* StudentLocation.swift in Sources */ = {isa = PBXBuildFile; fileRef = 80FAACDE27BE170A00262EB4 /* StudentLocation.swift */; };
		80FAACE127BE1A3300262EB4 /* StudentLocationsResponse.swift in Sources */ = {isa = PBXBuildFile; fileRef = 80FAACE027BE1A3200262EB4 /* StudentLocationsResponse.swift */; };
		80FAACE327BF636100262EB4 /* UIViewControllerExtension.swift in Sources */ = {isa = PBXBuildFile; fileRef = 80FAACE227BF636100262EB4 /* UIViewControllerExtension.swift */; };
		80FAACE527C02F0800262EB4 /* AddLocationViewController.swift in Sources */ = {isa = PBXBuildFile; fileRef = 80FAACE427C02F0800262EB4 /* AddLocationViewController.swift */; };
		80FAACE727C05A9E00262EB4 /* AddLocationMapViewController.swift in Sources */ = {isa = PBXBuildFile; fileRef = 80FAACE627C05A9E00262EB4 /* AddLocationMapViewController.swift */; };
		80FAACE927C06AE100262EB4 /* StudentLocationRequest.swift in Sources */ = {isa = PBXBuildFile; fileRef = 80FAACE827C06AE100262EB4 /* StudentLocationRequest.swift */; };
		80FAACEB27C06C3900262EB4 /* StudentLocationResponse.swift in Sources */ = {isa = PBXBuildFile; fileRef = 80FAACEA27C06C3900262EB4 /* StudentLocationResponse.swift */; };
/* End PBXBuildFile section */

/* Begin PBXFileReference section */
		80FAACB227BDDE2C00262EB4 /* On The Map.app */ = {isa = PBXFileReference; explicitFileType = wrapper.application; includeInIndex = 0; path = "On The Map.app"; sourceTree = BUILT_PRODUCTS_DIR; };
		80FAACB527BDDE2C00262EB4 /* AppDelegate.swift */ = {isa = PBXFileReference; lastKnownFileType = sourcecode.swift; path = AppDelegate.swift; sourceTree = "<group>"; };
		80FAACB727BDDE2C00262EB4 /* SceneDelegate.swift */ = {isa = PBXFileReference; lastKnownFileType = sourcecode.swift; path = SceneDelegate.swift; sourceTree = "<group>"; };
		80FAACB927BDDE2C00262EB4 /* LoginViewController.swift */ = {isa = PBXFileReference; lastKnownFileType = sourcecode.swift; path = LoginViewController.swift; sourceTree = "<group>"; };
		80FAACBC27BDDE2C00262EB4 /* Base */ = {isa = PBXFileReference; lastKnownFileType = file.storyboard; name = Base; path = Base.lproj/Main.storyboard; sourceTree = "<group>"; };
		80FAACBE27BDDE3100262EB4 /* Assets.xcassets */ = {isa = PBXFileReference; lastKnownFileType = folder.assetcatalog; path = Assets.xcassets; sourceTree = "<group>"; };
		80FAACC127BDDE3100262EB4 /* Base */ = {isa = PBXFileReference; lastKnownFileType = file.storyboard; name = Base; path = Base.lproj/LaunchScreen.storyboard; sourceTree = "<group>"; };
		80FAACC327BDDE3100262EB4 /* Info.plist */ = {isa = PBXFileReference; lastKnownFileType = text.plist.xml; path = Info.plist; sourceTree = "<group>"; };
		80FAACCD27BDEC1400262EB4 /* UdacityClient.swift */ = {isa = PBXFileReference; lastKnownFileType = sourcecode.swift; path = UdacityClient.swift; sourceTree = "<group>"; };
		80FAACD427BDEFD900262EB4 /* UdacitySessionResponse.swift */ = {isa = PBXFileReference; lastKnownFileType = sourcecode.swift; path = UdacitySessionResponse.swift; sourceTree = "<group>"; };
		80FAACD627BDFA7200262EB4 /* ClientHelper.swift */ = {isa = PBXFileReference; lastKnownFileType = sourcecode.swift; path = ClientHelper.swift; sourceTree = "<group>"; };
		80FAACD827BDFF2300262EB4 /* UdacitySessionRequest.swift */ = {isa = PBXFileReference; lastKnownFileType = sourcecode.swift; path = UdacitySessionRequest.swift; sourceTree = "<group>"; };
		80FAACDA27BE12FD00262EB4 /* MapViewController.swift */ = {isa = PBXFileReference; lastKnownFileType = sourcecode.swift; path = MapViewController.swift; sourceTree = "<group>"; };
		80FAACDC27BE131200262EB4 /* TabbedViewController.swift */ = {isa = PBXFileReference; lastKnownFileType = sourcecode.swift; path = TabbedViewController.swift; sourceTree = "<group>"; };
		80FAACDE27BE170A00262EB4 /* StudentLocation.swift */ = {isa = PBXFileReference; lastKnownFileType = sourcecode.swift; path = StudentLocation.swift; sourceTree = "<group>"; };
		80FAACE027BE1A3200262EB4 /* StudentLocationsResponse.swift */ = {isa = PBXFileReference; lastKnownFileType = sourcecode.swift; path = StudentLocationsResponse.swift; sourceTree = "<group>"; };
		80FAACE227BF636100262EB4 /* UIViewControllerExtension.swift */ = {isa = PBXFileReference; lastKnownFileType = sourcecode.swift; path = UIViewControllerExtension.swift; sourceTree = "<group>"; };
		80FAACE427C02F0800262EB4 /* AddLocationViewController.swift */ = {isa = PBXFileReference; lastKnownFileType = sourcecode.swift; path = AddLocationViewController.swift; sourceTree = "<group>"; };
		80FAACE627C05A9E00262EB4 /* AddLocationMapViewController.swift */ = {isa = PBXFileReference; lastKnownFileType = sourcecode.swift; path = AddLocationMapViewController.swift; sourceTree = "<group>"; };
		80FAACE827C06AE100262EB4 /* StudentLocationRequest.swift */ = {isa = PBXFileReference; lastKnownFileType = sourcecode.swift; path = StudentLocationRequest.swift; sourceTree = "<group>"; };
		80FAACEA27C06C3900262EB4 /* StudentLocationResponse.swift */ = {isa = PBXFileReference; lastKnownFileType = sourcecode.swift; path = StudentLocationResponse.swift; sourceTree = "<group>"; };
/* End PBXFileReference section */

/* Begin PBXFrameworksBuildPhase section */
		80FAACAF27BDDE2C00262EB4 /* Frameworks */ = {
			isa = PBXFrameworksBuildPhase;
			buildActionMask = 2147483647;
			files = (
			);
			runOnlyForDeploymentPostprocessing = 0;
		};
/* End PBXFrameworksBuildPhase section */

/* Begin PBXGroup section */
		80FAACA927BDDE2C00262EB4 = {
			isa = PBXGroup;
			children = (
				80FAACB427BDDE2C00262EB4 /* On The Map */,
				80FAACB327BDDE2C00262EB4 /* Products */,
			);
			sourceTree = "<group>";
		};
		80FAACB327BDDE2C00262EB4 /* Products */ = {
			isa = PBXGroup;
			children = (
				80FAACB227BDDE2C00262EB4 /* On The Map.app */,
			);
			name = Products;
			sourceTree = "<group>";
		};
		80FAACB427BDDE2C00262EB4 /* On The Map */ = {
			isa = PBXGroup;
			children = (
				80FAACB527BDDE2C00262EB4 /* AppDelegate.swift */,
				80FAACB727BDDE2C00262EB4 /* SceneDelegate.swift */,
				80FAACC327BDDE3100262EB4 /* Info.plist */,
				80FAACCC27BDDEF400262EB4 /* View */,
				80FAACC927BDDE5500262EB4 /* Controllers */,
				80FAACCB27BDDED800262EB4 /* Models */,
				80FAACCA27BDDE8700262EB4 /* Assets */,
			);
			path = "On The Map";
			sourceTree = "<group>";
		};
		80FAACC927BDDE5500262EB4 /* Controllers */ = {
			isa = PBXGroup;
			children = (
				80FAACB927BDDE2C00262EB4 /* LoginViewController.swift */,
				80FAACDA27BE12FD00262EB4 /* MapViewController.swift */,
				80FAACDC27BE131200262EB4 /* TabbedViewController.swift */,
				80FAACE227BF636100262EB4 /* UIViewControllerExtension.swift */,
				80FAACE427C02F0800262EB4 /* AddLocationViewController.swift */,
				80FAACE627C05A9E00262EB4 /* AddLocationMapViewController.swift */,
			);
			path = Controllers;
			sourceTree = "<group>";
		};
		80FAACCA27BDDE8700262EB4 /* Assets */ = {
			isa = PBXGroup;
			children = (
				80FAACBE27BDDE3100262EB4 /* Assets.xcassets */,
			);
			path = Assets;
			sourceTree = "<group>";
		};
		80FAACCB27BDDED800262EB4 /* Models */ = {
			isa = PBXGroup;
			children = (
				80FAACCD27BDEC1400262EB4 /* UdacityClient.swift */,
				80FAACD627BDFA7200262EB4 /* ClientHelper.swift */,
				80FAACD327BDEFA900262EB4 /* Data */,
			);
			path = Models;
			sourceTree = "<group>";
		};
		80FAACCC27BDDEF400262EB4 /* View */ = {
			isa = PBXGroup;
			children = (
				80FAACBB27BDDE2C00262EB4 /* Main.storyboard */,
				80FAACC027BDDE3100262EB4 /* LaunchScreen.storyboard */,
			);
			path = View;
			sourceTree = "<group>";
		};
		80FAACD327BDEFA900262EB4 /* Data */ = {
			isa = PBXGroup;
			children = (
				80FAACD827BDFF2300262EB4 /* UdacitySessionRequest.swift */,
				80FAACD427BDEFD900262EB4 /* UdacitySessionResponse.swift */,
				80FAACDE27BE170A00262EB4 /* StudentLocation.swift */,
				80FAACE027BE1A3200262EB4 /* StudentLocationsResponse.swift */,
				80FAACE827C06AE100262EB4 /* StudentLocationRequest.swift */,
				80FAACEA27C06C3900262EB4 /* StudentLocationResponse.swift */,
			);
			path = Data;
			sourceTree = "<group>";
		};
/* End PBXGroup section */

/* Begin PBXNativeTarget section */
		80FAACB127BDDE2C00262EB4 /* On The Map */ = {
			isa = PBXNativeTarget;
			buildConfigurationList = 80FAACC627BDDE3100262EB4 /* Build configuration list for PBXNativeTarget "On The Map" */;
			buildPhases = (
				80FAACAE27BDDE2C00262EB4 /* Sources */,
				80FAACAF27BDDE2C00262EB4 /* Frameworks */,
				80FAACB027BDDE2C00262EB4 /* Resources */,
			);
			buildRules = (
			);
			dependencies = (
			);
			name = "On The Map";
			productName = "On The Map";
			productReference = 80FAACB227BDDE2C00262EB4 /* On The Map.app */;
			productType = "com.apple.product-type.application";
		};
/* End PBXNativeTarget section */

/* Begin PBXProject section */
		80FAACAA27BDDE2C00262EB4 /* Project object */ = {
			isa = PBXProject;
			attributes = {
				BuildIndependentTargetsInParallel = 1;
				LastSwiftUpdateCheck = 1320;
				LastUpgradeCheck = 1320;
				TargetAttributes = {
					80FAACB127BDDE2C00262EB4 = {
						CreatedOnToolsVersion = 13.2.1;
					};
				};
			};
			buildConfigurationList = 80FAACAD27BDDE2C00262EB4 /* Build configuration list for PBXProject "On The Map" */;
			compatibilityVersion = "Xcode 13.0";
			developmentRegion = en;
			hasScannedForEncodings = 0;
			knownRegions = (
				en,
				Base,
			);
			mainGroup = 80FAACA927BDDE2C00262EB4;
			productRefGroup = 80FAACB327BDDE2C00262EB4 /* Products */;
			projectDirPath = "";
			projectRoot = "";
			targets = (
				80FAACB127BDDE2C00262EB4 /* On The Map */,
			);
		};
/* End PBXProject section */

/* Begin PBXResourcesBuildPhase section */
		80FAACB027BDDE2C00262EB4 /* Resources */ = {
			isa = PBXResourcesBuildPhase;
			buildActionMask = 2147483647;
			files = (
				80FAACC227BDDE3100262EB4 /* LaunchScreen.storyboard in Resources */,
				80FAACBF27BDDE3100262EB4 /* Assets.xcassets in Resources */,
				80FAACBD27BDDE2C00262EB4 /* Main.storyboard in Resources */,
			);
			runOnlyForDeploymentPostprocessing = 0;
		};
/* End PBXResourcesBuildPhase section */

/* Begin PBXSourcesBuildPhase section */
		80FAACAE27BDDE2C00262EB4 /* Sources */ = {
			isa = PBXSourcesBuildPhase;
			buildActionMask = 2147483647;
			files = (
				80FAACE127BE1A3300262EB4 /* StudentLocationsResponse.swift in Sources */,
				80FAACCE27BDEC1400262EB4 /* UdacityClient.swift in Sources */,
				80FAACBA27BDDE2C00262EB4 /* LoginViewController.swift in Sources */,
				80FAACD927BDFF2300262EB4 /* UdacitySessionRequest.swift in Sources */,
				80FAACD527BDEFD900262EB4 /* UdacitySessionResponse.swift in Sources */,
				80FAACE527C02F0800262EB4 /* AddLocationViewController.swift in Sources */,
				80FAACD727BDFA7200262EB4 /* ClientHelper.swift in Sources */,
				80FAACEB27C06C3900262EB4 /* StudentLocationResponse.swift in Sources */,
				80FAACB627BDDE2C00262EB4 /* AppDelegate.swift in Sources */,
				80FAACB827BDDE2C00262EB4 /* SceneDelegate.swift in Sources */,
				80FAACE927C06AE100262EB4 /* StudentLocationRequest.swift in Sources */,
				80FAACE327BF636100262EB4 /* UIViewControllerExtension.swift in Sources */,
				80FAACDD27BE131200262EB4 /* TabbedViewController.swift in Sources */,
				80FAACDF27BE170A00262EB4 /* StudentLocation.swift in Sources */,
				80FAACE727C05A9E00262EB4 /* AddLocationMapViewController.swift in Sources */,
				80FAACDB27BE12FD00262EB4 /* MapViewController.swift in Sources */,
			);
			runOnlyForDeploymentPostprocessing = 0;
		};
/* End PBXSourcesBuildPhase section */

/* Begin PBXVariantGroup section */
		80FAACBB27BDDE2C00262EB4 /* Main.storyboard */ = {
			isa = PBXVariantGroup;
			children = (
				80FAACBC27BDDE2C00262EB4 /* Base */,
			);
			name = Main.storyboard;
			sourceTree = "<group>";
		};
		80FAACC027BDDE3100262EB4 /* LaunchScreen.storyboard */ = {
			isa = PBXVariantGroup;
			children = (
				80FAACC127BDDE3100262EB4 /* Base */,
			);
			name = LaunchScreen.storyboard;
			sourceTree = "<group>";
		};
/* End PBXVariantGroup section */

/* Begin XCBuildConfiguration section */
		80FAACC427BDDE3100262EB4 /* Debug */ = {
			isa = XCBuildConfiguration;
			buildSettings = {
				ALWAYS_SEARCH_USER_PATHS = NO;
				CLANG_ANALYZER_NONNULL = YES;
				CLANG_ANALYZER_NUMBER_OBJECT_CONVERSION = YES_AGGRESSIVE;
				CLANG_CXX_LANGUAGE_STANDARD = "gnu++17";
				CLANG_CXX_LIBRARY = "libc++";
				CLANG_ENABLE_MODULES = YES;
				CLANG_ENABLE_OBJC_ARC = YES;
				CLANG_ENABLE_OBJC_WEAK = YES;
				CLANG_WARN_BLOCK_CAPTURE_AUTORELEASING = YES;
				CLANG_WARN_BOOL_CONVERSION = YES;
				CLANG_WARN_COMMA = YES;
				CLANG_WARN_CONSTANT_CONVERSION = YES;
				CLANG_WARN_DEPRECATED_OBJC_IMPLEMENTATIONS = YES;
				CLANG_WARN_DIRECT_OBJC_ISA_USAGE = YES_ERROR;
				CLANG_WARN_DOCUMENTATION_COMMENTS = YES;
				CLANG_WARN_EMPTY_BODY = YES;
				CLANG_WARN_ENUM_CONVERSION = YES;
				CLANG_WARN_INFINITE_RECURSION = YES;
				CLANG_WARN_INT_CONVERSION = YES;
				CLANG_WARN_NON_LITERAL_NULL_CONVERSION = YES;
				CLANG_WARN_OBJC_IMPLICIT_RETAIN_SELF = YES;
				CLANG_WARN_OBJC_LITERAL_CONVERSION = YES;
				CLANG_WARN_OBJC_ROOT_CLASS = YES_ERROR;
				CLANG_WARN_QUOTED_INCLUDE_IN_FRAMEWORK_HEADER = YES;
				CLANG_WARN_RANGE_LOOP_ANALYSIS = YES;
				CLANG_WARN_STRICT_PROTOTYPES = YES;
				CLANG_WARN_SUSPICIOUS_MOVE = YES;
				CLANG_WARN_UNGUARDED_AVAILABILITY = YES_AGGRESSIVE;
				CLANG_WARN_UNREACHABLE_CODE = YES;
				CLANG_WARN__DUPLICATE_METHOD_MATCH = YES;
				COPY_PHASE_STRIP = NO;
				DEBUG_INFORMATION_FORMAT = dwarf;
				ENABLE_STRICT_OBJC_MSGSEND = YES;
				ENABLE_TESTABILITY = YES;
				GCC_C_LANGUAGE_STANDARD = gnu11;
				GCC_DYNAMIC_NO_PIC = NO;
				GCC_NO_COMMON_BLOCKS = YES;
				GCC_OPTIMIZATION_LEVEL = 0;
				GCC_PREPROCESSOR_DEFINITIONS = (
					"DEBUG=1",
					"$(inherited)",
				);
				GCC_WARN_64_TO_32_BIT_CONVERSION = YES;
				GCC_WARN_ABOUT_RETURN_TYPE = YES_ERROR;
				GCC_WARN_UNDECLARED_SELECTOR = YES;
				GCC_WARN_UNINITIALIZED_AUTOS = YES_AGGRESSIVE;
				GCC_WARN_UNUSED_FUNCTION = YES;
				GCC_WARN_UNUSED_VARIABLE = YES;
				IPHONEOS_DEPLOYMENT_TARGET = 15.2;
				MTL_ENABLE_DEBUG_INFO = INCLUDE_SOURCE;
				MTL_FAST_MATH = YES;
				ONLY_ACTIVE_ARCH = YES;
				SDKROOT = iphoneos;
				SWIFT_ACTIVE_COMPILATION_CONDITIONS = DEBUG;
				SWIFT_OPTIMIZATION_LEVEL = "-Onone";
			};
			name = Debug;
		};
		80FAACC527BDDE3100262EB4 /* Release */ = {
			isa = XCBuildConfiguration;
			buildSettings = {
				ALWAYS_SEARCH_USER_PATHS = NO;
				CLANG_ANALYZER_NONNULL = YES;
				CLANG_ANALYZER_NUMBER_OBJECT_CONVERSION = YES_AGGRESSIVE;
				CLANG_CXX_LANGUAGE_STANDARD = "gnu++17";
				CLANG_CXX_LIBRARY = "libc++";
				CLANG_ENABLE_MODULES = YES;
				CLANG_ENABLE_OBJC_ARC = YES;
				CLANG_ENABLE_OBJC_WEAK = YES;
				CLANG_WARN_BLOCK_CAPTURE_AUTORELEASING = YES;
				CLANG_WARN_BOOL_CONVERSION = YES;
				CLANG_WARN_COMMA = YES;
				CLANG_WARN_CONSTANT_CONVERSION = YES;
				CLANG_WARN_DEPRECATED_OBJC_IMPLEMENTATIONS = YES;
				CLANG_WARN_DIRECT_OBJC_ISA_USAGE = YES_ERROR;
				CLANG_WARN_DOCUMENTATION_COMMENTS = YES;
				CLANG_WARN_EMPTY_BODY = YES;
				CLANG_WARN_ENUM_CONVERSION = YES;
				CLANG_WARN_INFINITE_RECURSION = YES;
				CLANG_WARN_INT_CONVERSION = YES;
				CLANG_WARN_NON_LITERAL_NULL_CONVERSION = YES;
				CLANG_WARN_OBJC_IMPLICIT_RETAIN_SELF = YES;
				CLANG_WARN_OBJC_LITERAL_CONVERSION = YES;
				CLANG_WARN_OBJC_ROOT_CLASS = YES_ERROR;
				CLANG_WARN_QUOTED_INCLUDE_IN_FRAMEWORK_HEADER = YES;
				CLANG_WARN_RANGE_LOOP_ANALYSIS = YES;
				CLANG_WARN_STRICT_PROTOTYPES = YES;
				CLANG_WARN_SUSPICIOUS_MOVE = YES;
				CLANG_WARN_UNGUARDED_AVAILABILITY = YES_AGGRESSIVE;
				CLANG_WARN_UNREACHABLE_CODE = YES;
				CLANG_WARN__DUPLICATE_METHOD_MATCH = YES;
				COPY_PHASE_STRIP = NO;
				DEBUG_INFORMATION_FORMAT = "dwarf-with-dsym";
				ENABLE_NS_ASSERTIONS = NO;
				ENABLE_STRICT_OBJC_MSGSEND = YES;
				GCC_C_LANGUAGE_STANDARD = gnu11;
				GCC_NO_COMMON_BLOCKS = YES;
				GCC_WARN_64_TO_32_BIT_CONVERSION = YES;
				GCC_WARN_ABOUT_RETURN_TYPE = YES_ERROR;
				GCC_WARN_UNDECLARED_SELECTOR = YES;
				GCC_WARN_UNINITIALIZED_AUTOS = YES_AGGRESSIVE;
				GCC_WARN_UNUSED_FUNCTION = YES;
				GCC_WARN_UNUSED_VARIABLE = YES;
				IPHONEOS_DEPLOYMENT_TARGET = 15.2;
				MTL_ENABLE_DEBUG_INFO = NO;
				MTL_FAST_MATH = YES;
				SDKROOT = iphoneos;
				SWIFT_COMPILATION_MODE = wholemodule;
				SWIFT_OPTIMIZATION_LEVEL = "-O";
				VALIDATE_PRODUCT = YES;
			};
			name = Release;
		};
		80FAACC727BDDE3100262EB4 /* Debug */ = {
			isa = XCBuildConfiguration;
			buildSettings = {
				ASSETCATALOG_COMPILER_APPICON_NAME = AppIcon;
				ASSETCATALOG_COMPILER_GLOBAL_ACCENT_COLOR_NAME = AccentColor;
				CODE_SIGN_STYLE = Automatic;
				CURRENT_PROJECT_VERSION = 1;
				GENERATE_INFOPLIST_FILE = YES;
				INFOPLIST_FILE = "On The Map/Info.plist";
				INFOPLIST_KEY_UIApplicationSupportsIndirectInputEvents = YES;
				INFOPLIST_KEY_UILaunchStoryboardName = LaunchScreen;
				INFOPLIST_KEY_UIMainStoryboardFile = Main;
				INFOPLIST_KEY_UISupportedInterfaceOrientations_iPad = "UIInterfaceOrientationPortrait UIInterfaceOrientationPortraitUpsideDown UIInterfaceOrientationLandscapeLeft UIInterfaceOrientationLandscapeRight";
				INFOPLIST_KEY_UISupportedInterfaceOrientations_iPhone = "UIInterfaceOrientationPortrait UIInterfaceOrientationLandscapeLeft UIInterfaceOrientationLandscapeRight";
				LD_RUNPATH_SEARCH_PATHS = (
					"$(inherited)",
					"@executable_path/Frameworks",
				);
				MARKETING_VERSION = 1.0;
				PRODUCT_BUNDLE_IDENTIFIER = "Solomon.On-The-Map";
				PRODUCT_NAME = "$(TARGET_NAME)";
				SWIFT_EMIT_LOC_STRINGS = YES;
				SWIFT_VERSION = 5.0;
				TARGETED_DEVICE_FAMILY = "1,2";
			};
			name = Debug;
		};
		80FAACC827BDDE3100262EB4 /* Release */ = {
			isa = XCBuildConfiguration;
			buildSettings = {
				ASSETCATALOG_COMPILER_APPICON_NAME = AppIcon;
				ASSETCATALOG_COMPILER_GLOBAL_ACCENT_COLOR_NAME = AccentColor;
				CODE_SIGN_STYLE = Automatic;
				CURRENT_PROJECT_VERSION = 1;
				GENERATE_INFOPLIST_FILE = YES;
				INFOPLIST_FILE = "On The Map/Info.plist";
				INFOPLIST_KEY_UIApplicationSupportsIndirectInputEvents = YES;
				INFOPLIST_KEY_UILaunchStoryboardName = LaunchScreen;
				INFOPLIST_KEY_UIMainStoryboardFile = Main;
				INFOPLIST_KEY_UISupportedInterfaceOrientations_iPad = "UIInterfaceOrientationPortrait UIInterfaceOrientationPortraitUpsideDown UIInterfaceOrientationLandscapeLeft UIInterfaceOrientationLandscapeRight";
				INFOPLIST_KEY_UISupportedInterfaceOrientations_iPhone = "UIInterfaceOrientationPortrait UIInterfaceOrientationLandscapeLeft UIInterfaceOrientationLandscapeRight";
				LD_RUNPATH_SEARCH_PATHS = (
					"$(inherited)",
					"@executable_path/Frameworks",
				);
				MARKETING_VERSION = 1.0;
				PRODUCT_BUNDLE_IDENTIFIER = "Solomon.On-The-Map";
				PRODUCT_NAME = "$(TARGET_NAME)";
				SWIFT_EMIT_LOC_STRINGS = YES;
				SWIFT_VERSION = 5.0;
				TARGETED_DEVICE_FAMILY = "1,2";
			};
			name = Release;
		};
/* End XCBuildConfiguration section */

/* Begin XCConfigurationList section */
		80FAACAD27BDDE2C00262EB4 /* Build configuration list for PBXProject "On The Map" */ = {
			isa = XCConfigurationList;
			buildConfigurations = (
				80FAACC427BDDE3100262EB4 /* Debug */,
				80FAACC527BDDE3100262EB4 /* Release */,
			);
			defaultConfigurationIsVisible = 0;
			defaultConfigurationName = Release;
		};
		80FAACC627BDDE3100262EB4 /* Build configuration list for PBXNativeTarget "On The Map" */ = {
			isa = XCConfigurationList;
			buildConfigurations = (
				80FAACC727BDDE3100262EB4 /* Debug */,
				80FAACC827BDDE3100262EB4 /* Release */,
			);
			defaultConfigurationIsVisible = 0;
			defaultConfigurationName = Release;
		};
/* End XCConfigurationList section */
	};
	rootObject = 80FAACAA27BDDE2C00262EB4 /* Project object */;
}
